// !$*UTF8*$!
{
	archiveVersion = 1;
	classes = {
	};
	objectVersion = 46;
	objects = {

/* Begin PBXBuildFile section */
		9339E9F818F3830F00FA09E5 /* Foundation.framework in Frameworks */ = {isa = PBXBuildFile; fileRef = 9339E9F718F3830F00FA09E5 /* Foundation.framework */; };
		9339E9FA18F3830F00FA09E5 /* CoreGraphics.framework in Frameworks */ = {isa = PBXBuildFile; fileRef = 9339E9F918F3830F00FA09E5 /* CoreGraphics.framework */; };
		9339E9FC18F3830F00FA09E5 /* UIKit.framework in Frameworks */ = {isa = PBXBuildFile; fileRef = 9339E9FB18F3830F00FA09E5 /* UIKit.framework */; };
		9339E9FE18F3830F00FA09E5 /* SpriteKit.framework in Frameworks */ = {isa = PBXBuildFile; fileRef = 9339E9FD18F3830F00FA09E5 /* SpriteKit.framework */; };
		9339EA0418F3830F00FA09E5 /* InfoPlist.strings in Resources */ = {isa = PBXBuildFile; fileRef = 9339EA0218F3830F00FA09E5 /* InfoPlist.strings */; };
		9339EA0618F3830F00FA09E5 /* main.m in Sources */ = {isa = PBXBuildFile; fileRef = 9339EA0518F3830F00FA09E5 /* main.m */; };
		9339EA0A18F3830F00FA09E5 /* AppDelegate.m in Sources */ = {isa = PBXBuildFile; fileRef = 9339EA0918F3830F00FA09E5 /* AppDelegate.m */; };
		9339EA0D18F3830F00FA09E5 /* Main.storyboard in Resources */ = {isa = PBXBuildFile; fileRef = 9339EA0B18F3830F00FA09E5 /* Main.storyboard */; };
		9339EA1018F3830F00FA09E5 /* ViewController.m in Sources */ = {isa = PBXBuildFile; fileRef = 9339EA0F18F3830F00FA09E5 /* ViewController.m */; };
		9339EA1318F3830F00FA09E5 /* MyScene.m in Sources */ = {isa = PBXBuildFile; fileRef = 9339EA1218F3830F00FA09E5 /* MyScene.m */; };
		9339EA1518F3830F00FA09E5 /* Spaceship.png in Resources */ = {isa = PBXBuildFile; fileRef = 9339EA1418F3830F00FA09E5 /* Spaceship.png */; };
		9339EA1718F3830F00FA09E5 /* Images.xcassets in Resources */ = {isa = PBXBuildFile; fileRef = 9339EA1618F3830F00FA09E5 /* Images.xcassets */; };
		9339EA1E18F3830F00FA09E5 /* XCTest.framework in Frameworks */ = {isa = PBXBuildFile; fileRef = 9339EA1D18F3830F00FA09E5 /* XCTest.framework */; };
		9339EA1F18F3830F00FA09E5 /* Foundation.framework in Frameworks */ = {isa = PBXBuildFile; fileRef = 9339E9F718F3830F00FA09E5 /* Foundation.framework */; };
		9339EA2018F3830F00FA09E5 /* UIKit.framework in Frameworks */ = {isa = PBXBuildFile; fileRef = 9339E9FB18F3830F00FA09E5 /* UIKit.framework */; };
		9339EA2818F3830F00FA09E5 /* InfoPlist.strings in Resources */ = {isa = PBXBuildFile; fileRef = 9339EA2618F3830F00FA09E5 /* InfoPlist.strings */; };
		9339EA2A18F3830F00FA09E5 /* SpriteKitFunTests.m in Sources */ = {isa = PBXBuildFile; fileRef = 9339EA2918F3830F00FA09E5 /* SpriteKitFunTests.m */; };
		9339EA3818F38CEB00FA09E5 /* spark.png in Resources */ = {isa = PBXBuildFile; fileRef = 9339EA3618F38CEB00FA09E5 /* spark.png */; };
		9339EA3A18F38D3F00FA09E5 /* box@2x.png in Resources */ = {isa = PBXBuildFile; fileRef = 9339EA3918F38D3F00FA09E5 /* box@2x.png */; };
		9339EA3C18F38E0A00FA09E5 /* lilbox.png in Resources */ = {isa = PBXBuildFile; fileRef = 9339EA3B18F38E0A00FA09E5 /* lilbox.png */; };
		9339EA3E18F3961300FA09E5 /* FIRESTORM.sks in Resources */ = {isa = PBXBuildFile; fileRef = 9339EA3D18F3961300FA09E5 /* FIRESTORM.sks */; };
/* End PBXBuildFile section */

/* Begin PBXContainerItemProxy section */
		9339EA2118F3830F00FA09E5 /* PBXContainerItemProxy */ = {
			isa = PBXContainerItemProxy;
			containerPortal = 9339E9EC18F3830F00FA09E5 /* Project object */;
			proxyType = 1;
			remoteGlobalIDString = 9339E9F318F3830F00FA09E5;
			remoteInfo = SpriteKitFun;
		};
/* End PBXContainerItemProxy section */

/* Begin PBXFileReference section */
		9339E9F418F3830F00FA09E5 /* SpriteKitFun.app */ = {isa = PBXFileReference; explicitFileType = wrapper.application; includeInIndex = 0; path = SpriteKitFun.app; sourceTree = BUILT_PRODUCTS_DIR; };
		9339E9F718F3830F00FA09E5 /* Foundation.framework */ = {isa = PBXFileReference; lastKnownFileType = wrapper.framework; name = Foundation.framework; path = System/Library/Frameworks/Foundation.framework; sourceTree = SDKROOT; };
		9339E9F918F3830F00FA09E5 /* CoreGraphics.framework */ = {isa = PBXFileReference; lastKnownFileType = wrapper.framework; name = CoreGraphics.framework; path = System/Library/Frameworks/CoreGraphics.framework; sourceTree = SDKROOT; };
		9339E9FB18F3830F00FA09E5 /* UIKit.framework */ = {isa = PBXFileReference; lastKnownFileType = wrapper.framework; name = UIKit.framework; path = System/Library/Frameworks/UIKit.framework; sourceTree = SDKROOT; };
		9339E9FD18F3830F00FA09E5 /* SpriteKit.framework */ = {isa = PBXFileReference; lastKnownFileType = wrapper.framework; name = SpriteKit.framework; path = System/Library/Frameworks/SpriteKit.framework; sourceTree = SDKROOT; };
		9339EA0118F3830F00FA09E5 /* SpriteKitFun-Info.plist */ = {isa = PBXFileReference; lastKnownFileType = text.plist.xml; path = "SpriteKitFun-Info.plist"; sourceTree = "<group>"; };
		9339EA0318F3830F00FA09E5 /* en */ = {isa = PBXFileReference; lastKnownFileType = text.plist.strings; name = en; path = en.lproj/InfoPlist.strings; sourceTree = "<group>"; };
		9339EA0518F3830F00FA09E5 /* main.m */ = {isa = PBXFileReference; lastKnownFileType = sourcecode.c.objc; path = main.m; sourceTree = "<group>"; };
		9339EA0718F3830F00FA09E5 /* SpriteKitFun-Prefix.pch */ = {isa = PBXFileReference; lastKnownFileType = sourcecode.c.h; path = "SpriteKitFun-Prefix.pch"; sourceTree = "<group>"; };
		9339EA0818F3830F00FA09E5 /* AppDelegate.h */ = {isa = PBXFileReference; lastKnownFileType = sourcecode.c.h; path = AppDelegate.h; sourceTree = "<group>"; };
		9339EA0918F3830F00FA09E5 /* AppDelegate.m */ = {isa = PBXFileReference; lastKnownFileType = sourcecode.c.objc; path = AppDelegate.m; sourceTree = "<group>"; };
		9339EA0C18F3830F00FA09E5 /* Base */ = {isa = PBXFileReference; lastKnownFileType = file.storyboard; name = Base; path = Base.lproj/Main.storyboard; sourceTree = "<group>"; };
		9339EA0E18F3830F00FA09E5 /* ViewController.h */ = {isa = PBXFileReference; lastKnownFileType = sourcecode.c.h; path = ViewController.h; sourceTree = "<group>"; };
		9339EA0F18F3830F00FA09E5 /* ViewController.m */ = {isa = PBXFileReference; lastKnownFileType = sourcecode.c.objc; path = ViewController.m; sourceTree = "<group>"; };
		9339EA1118F3830F00FA09E5 /* MyScene.h */ = {isa = PBXFileReference; lastKnownFileType = sourcecode.c.h; path = MyScene.h; sourceTree = "<group>"; };
		9339EA1218F3830F00FA09E5 /* MyScene.m */ = {isa = PBXFileReference; lastKnownFileType = sourcecode.c.objc; path = MyScene.m; sourceTree = "<group>"; };
		9339EA1418F3830F00FA09E5 /* Spaceship.png */ = {isa = PBXFileReference; lastKnownFileType = image.png; path = Spaceship.png; sourceTree = "<group>"; };
		9339EA1618F3830F00FA09E5 /* Images.xcassets */ = {isa = PBXFileReference; lastKnownFileType = folder.assetcatalog; path = Images.xcassets; sourceTree = "<group>"; };
		9339EA1C18F3830F00FA09E5 /* SpriteKitFunTests.xctest */ = {isa = PBXFileReference; explicitFileType = wrapper.cfbundle; includeInIndex = 0; path = SpriteKitFunTests.xctest; sourceTree = BUILT_PRODUCTS_DIR; };
		9339EA1D18F3830F00FA09E5 /* XCTest.framework */ = {isa = PBXFileReference; lastKnownFileType = wrapper.framework; name = XCTest.framework; path = Library/Frameworks/XCTest.framework; sourceTree = DEVELOPER_DIR; };
		9339EA2518F3830F00FA09E5 /* SpriteKitFunTests-Info.plist */ = {isa = PBXFileReference; lastKnownFileType = text.plist.xml; path = "SpriteKitFunTests-Info.plist"; sourceTree = "<group>"; };
		9339EA2718F3830F00FA09E5 /* en */ = {isa = PBXFileReference; lastKnownFileType = text.plist.strings; name = en; path = en.lproj/InfoPlist.strings; sourceTree = "<group>"; };
		9339EA2918F3830F00FA09E5 /* SpriteKitFunTests.m */ = {isa = PBXFileReference; lastKnownFileType = sourcecode.c.objc; path = SpriteKitFunTests.m; sourceTree = "<group>"; };
		9339EA3618F38CEB00FA09E5 /* spark.png */ = {isa = PBXFileReference; lastKnownFileType = image.png; path = spark.png; sourceTree = "<group>"; };
		9339EA3918F38D3F00FA09E5 /* box@2x.png */ = {isa = PBXFileReference; lastKnownFileType = image.png; path = "box@2x.png"; sourceTree = "<group>"; };
		9339EA3B18F38E0A00FA09E5 /* lilbox.png */ = {isa = PBXFileReference; lastKnownFileType = image.png; path = lilbox.png; sourceTree = "<group>"; };
		9339EA3D18F3961300FA09E5 /* FIRESTORM.sks */ = {isa = PBXFileReference; lastKnownFileType = file.sks; path = FIRESTORM.sks; sourceTree = "<group>"; };
/* End PBXFileReference section */

/* Begin PBXFrameworksBuildPhase section */
		9339E9F118F3830F00FA09E5 /* Frameworks */ = {
			isa = PBXFrameworksBuildPhase;
			buildActionMask = 2147483647;
			files = (
				9339E9FA18F3830F00FA09E5 /* CoreGraphics.framework in Frameworks */,
				9339E9FC18F3830F00FA09E5 /* UIKit.framework in Frameworks */,
				9339E9FE18F3830F00FA09E5 /* SpriteKit.framework in Frameworks */,
				9339E9F818F3830F00FA09E5 /* Foundation.framework in Frameworks */,
			);
			runOnlyForDeploymentPostprocessing = 0;
		};
		9339EA1918F3830F00FA09E5 /* Frameworks */ = {
			isa = PBXFrameworksBuildPhase;
			buildActionMask = 2147483647;
			files = (
				9339EA1E18F3830F00FA09E5 /* XCTest.framework in Frameworks */,
				9339EA2018F3830F00FA09E5 /* UIKit.framework in Frameworks */,
				9339EA1F18F3830F00FA09E5 /* Foundation.framework in Frameworks */,
			);
			runOnlyForDeploymentPostprocessing = 0;
		};
/* End PBXFrameworksBuildPhase section */

/* Begin PBXGroup section */
		9339E9EB18F3830F00FA09E5 = {
			isa = PBXGroup;
			children = (
				9339E9FF18F3830F00FA09E5 /* SpriteKitFun */,
				9339EA2318F3830F00FA09E5 /* SpriteKitFunTests */,
				9339E9F618F3830F00FA09E5 /* Frameworks */,
				9339E9F518F3830F00FA09E5 /* Products */,
			);
			sourceTree = "<group>";
		};
		9339E9F518F3830F00FA09E5 /* Products */ = {
			isa = PBXGroup;
			children = (
				9339E9F418F3830F00FA09E5 /* SpriteKitFun.app */,
				9339EA1C18F3830F00FA09E5 /* SpriteKitFunTests.xctest */,
			);
			name = Products;
			sourceTree = "<group>";
		};
		9339E9F618F3830F00FA09E5 /* Frameworks */ = {
			isa = PBXGroup;
			children = (
				9339E9F718F3830F00FA09E5 /* Foundation.framework */,
				9339E9F918F3830F00FA09E5 /* CoreGraphics.framework */,
				9339E9FB18F3830F00FA09E5 /* UIKit.framework */,
				9339E9FD18F3830F00FA09E5 /* SpriteKit.framework */,
				9339EA1D18F3830F00FA09E5 /* XCTest.framework */,
			);
			name = Frameworks;
			sourceTree = "<group>";
		};
		9339E9FF18F3830F00FA09E5 /* SpriteKitFun */ = {
			isa = PBXGroup;
			children = (
				9339EA0818F3830F00FA09E5 /* AppDelegate.h */,
				9339EA0918F3830F00FA09E5 /* AppDelegate.m */,
				9339EA0B18F3830F00FA09E5 /* Main.storyboard */,
				9339EA3B18F38E0A00FA09E5 /* lilbox.png */,
				9339EA3D18F3961300FA09E5 /* FIRESTORM.sks */,
				9339EA3618F38CEB00FA09E5 /* spark.png */,
				9339EA3918F38D3F00FA09E5 /* box@2x.png */,
				9339EA0E18F3830F00FA09E5 /* ViewController.h */,
				9339EA0F18F3830F00FA09E5 /* ViewController.m */,
				9339EA1118F3830F00FA09E5 /* MyScene.h */,
				9339EA1218F3830F00FA09E5 /* MyScene.m */,
				9339EA1418F3830F00FA09E5 /* Spaceship.png */,
				9339EA1618F3830F00FA09E5 /* Images.xcassets */,
				9339EA0018F3830F00FA09E5 /* Supporting Files */,
			);
			path = SpriteKitFun;
			sourceTree = "<group>";
		};
		9339EA0018F3830F00FA09E5 /* Supporting Files */ = {
			isa = PBXGroup;
			children = (
				9339EA0118F3830F00FA09E5 /* SpriteKitFun-Info.plist */,
				9339EA0218F3830F00FA09E5 /* InfoPlist.strings */,
				9339EA0518F3830F00FA09E5 /* main.m */,
				9339EA0718F3830F00FA09E5 /* SpriteKitFun-Prefix.pch */,
			);
			name = "Supporting Files";
			sourceTree = "<group>";
		};
		9339EA2318F3830F00FA09E5 /* SpriteKitFunTests */ = {
			isa = PBXGroup;
			children = (
				9339EA2918F3830F00FA09E5 /* SpriteKitFunTests.m */,
				9339EA2418F3830F00FA09E5 /* Supporting Files */,
			);
			path = SpriteKitFunTests;
			sourceTree = "<group>";
		};
		9339EA2418F3830F00FA09E5 /* Supporting Files */ = {
			isa = PBXGroup;
			children = (
				9339EA2518F3830F00FA09E5 /* SpriteKitFunTests-Info.plist */,
				9339EA2618F3830F00FA09E5 /* InfoPlist.strings */,
			);
			name = "Supporting Files";
			sourceTree = "<group>";
		};
/* End PBXGroup section */

/* Begin PBXNativeTarget section */
		9339E9F318F3830F00FA09E5 /* SpriteKitFun */ = {
			isa = PBXNativeTarget;
			buildConfigurationList = 9339EA2D18F3830F00FA09E5 /* Build configuration list for PBXNativeTarget "SpriteKitFun" */;
			buildPhases = (
				9339E9F018F3830F00FA09E5 /* Sources */,
				9339E9F118F3830F00FA09E5 /* Frameworks */,
				9339E9F218F3830F00FA09E5 /* Resources */,
			);
			buildRules = (
			);
			dependencies = (
			);
			name = SpriteKitFun;
			productName = SpriteKitFun;
			productReference = 9339E9F418F3830F00FA09E5 /* SpriteKitFun.app */;
			productType = "com.apple.product-type.application";
		};
		9339EA1B18F3830F00FA09E5 /* SpriteKitFunTests */ = {
			isa = PBXNativeTarget;
			buildConfigurationList = 9339EA3018F3830F00FA09E5 /* Build configuration list for PBXNativeTarget "SpriteKitFunTests" */;
			buildPhases = (
				9339EA1818F3830F00FA09E5 /* Sources */,
				9339EA1918F3830F00FA09E5 /* Frameworks */,
				9339EA1A18F3830F00FA09E5 /* Resources */,
			);
			buildRules = (
			);
			dependencies = (
				9339EA2218F3830F00FA09E5 /* PBXTargetDependency */,
			);
			name = SpriteKitFunTests;
			productName = SpriteKitFunTests;
			productReference = 9339EA1C18F3830F00FA09E5 /* SpriteKitFunTests.xctest */;
			productType = "com.apple.product-type.bundle.unit-test";
		};
/* End PBXNativeTarget section */

/* Begin PBXProject section */
		9339E9EC18F3830F00FA09E5 /* Project object */ = {
			isa = PBXProject;
			attributes = {
				LastUpgradeCheck = 0510;
				ORGANIZATIONNAME = "Aaron Baker";
				TargetAttributes = {
					9339EA1B18F3830F00FA09E5 = {
						TestTargetID = 9339E9F318F3830F00FA09E5;
					};
				};
			};
			buildConfigurationList = 9339E9EF18F3830F00FA09E5 /* Build configuration list for PBXProject "SpriteKitFun" */;
			compatibilityVersion = "Xcode 3.2";
			developmentRegion = English;
			hasScannedForEncodings = 0;
			knownRegions = (
				en,
				Base,
			);
			mainGroup = 9339E9EB18F3830F00FA09E5;
			productRefGroup = 9339E9F518F3830F00FA09E5 /* Products */;
			projectDirPath = "";
			projectRoot = "";
			targets = (
				9339E9F318F3830F00FA09E5 /* SpriteKitFun */,
				9339EA1B18F3830F00FA09E5 /* SpriteKitFunTests */,
			);
		};
/* End PBXProject section */

/* Begin PBXResourcesBuildPhase section */
		9339E9F218F3830F00FA09E5 /* Resources */ = {
			isa = PBXResourcesBuildPhase;
			buildActionMask = 2147483647;
			files = (
				9339EA0418F3830F00FA09E5 /* InfoPlist.strings in Resources */,
				9339EA3A18F38D3F00FA09E5 /* box@2x.png in Resources */,
				9339EA3818F38CEB00FA09E5 /* spark.png in Resources */,
				9339EA1718F3830F00FA09E5 /* Images.xcassets in Resources */,
				9339EA3E18F3961300FA09E5 /* FIRESTORM.sks in Resources */,
				9339EA1518F3830F00FA09E5 /* Spaceship.png in Resources */,
				9339EA0D18F3830F00FA09E5 /* Main.storyboard in Resources */,
				9339EA3C18F38E0A00FA09E5 /* lilbox.png in Resources */,
			);
			runOnlyForDeploymentPostprocessing = 0;
		};
		9339EA1A18F3830F00FA09E5 /* Resources */ = {
			isa = PBXResourcesBuildPhase;
			buildActionMask = 2147483647;
			files = (
				9339EA2818F3830F00FA09E5 /* InfoPlist.strings in Resources */,
			);
			runOnlyForDeploymentPostprocessing = 0;
		};
/* End PBXResourcesBuildPhase section */

/* Begin PBXSourcesBuildPhase section */
		9339E9F018F3830F00FA09E5 /* Sources */ = {
			isa = PBXSourcesBuildPhase;
			buildActionMask = 2147483647;
			files = (
				9339EA1318F3830F00FA09E5 /* MyScene.m in Sources */,
				9339EA1018F3830F00FA09E5 /* ViewController.m in Sources */,
				9339EA0A18F3830F00FA09E5 /* AppDelegate.m in Sources */,
				9339EA0618F3830F00FA09E5 /* main.m in Sources */,
			);
			runOnlyForDeploymentPostprocessing = 0;
		};
		9339EA1818F3830F00FA09E5 /* Sources */ = {
			isa = PBXSourcesBuildPhase;
			buildActionMask = 2147483647;
			files = (
				9339EA2A18F3830F00FA09E5 /* SpriteKitFunTests.m in Sources */,
			);
			runOnlyForDeploymentPostprocessing = 0;
		};
/* End PBXSourcesBuildPhase section */

/* Begin PBXTargetDependency section */
		9339EA2218F3830F00FA09E5 /* PBXTargetDependency */ = {
			isa = PBXTargetDependency;
			target = 9339E9F318F3830F00FA09E5 /* SpriteKitFun */;
			targetProxy = 9339EA2118F3830F00FA09E5 /* PBXContainerItemProxy */;
		};
/* End PBXTargetDependency section */

/* Begin PBXVariantGroup section */
		9339EA0218F3830F00FA09E5 /* InfoPlist.strings */ = {
			isa = PBXVariantGroup;
			children = (
				9339EA0318F3830F00FA09E5 /* en */,
			);
			name = InfoPlist.strings;
			sourceTree = "<group>";
		};
		9339EA0B18F3830F00FA09E5 /* Main.storyboard */ = {
			isa = PBXVariantGroup;
			children = (
				9339EA0C18F3830F00FA09E5 /* Base */,
			);
			name = Main.storyboard;
			sourceTree = "<group>";
		};
		9339EA2618F3830F00FA09E5 /* InfoPlist.strings */ = {
			isa = PBXVariantGroup;
			children = (
				9339EA2718F3830F00FA09E5 /* en */,
			);
			name = InfoPlist.strings;
			sourceTree = "<group>";
		};
/* End PBXVariantGroup section */

/* Begin XCBuildConfiguration section */
		9339EA2B18F3830F00FA09E5 /* Debug */ = {
			isa = XCBuildConfiguration;
			buildSettings = {
				ALWAYS_SEARCH_USER_PATHS = NO;
				CLANG_CXX_LANGUAGE_STANDARD = "gnu++0x";
				CLANG_CXX_LIBRARY = "libc++";
				CLANG_ENABLE_MODULES = YES;
				CLANG_ENABLE_OBJC_ARC = YES;
				CLANG_WARN_BOOL_CONVERSION = YES;
				CLANG_WARN_CONSTANT_CONVERSION = YES;
				CLANG_WARN_DIRECT_OBJC_ISA_USAGE = YES_ERROR;
				CLANG_WARN_EMPTY_BODY = YES;
				CLANG_WARN_ENUM_CONVERSION = YES;
				CLANG_WARN_INT_CONVERSION = YES;
				CLANG_WARN_OBJC_ROOT_CLASS = YES_ERROR;
				CLANG_WARN__DUPLICATE_METHOD_MATCH = YES;
				"CODE_SIGN_IDENTITY[sdk=iphoneos*]" = "iPhone Developer";
				COPY_PHASE_STRIP = NO;
				GCC_C_LANGUAGE_STANDARD = gnu99;
				GCC_DYNAMIC_NO_PIC = NO;
				GCC_OPTIMIZATION_LEVEL = 0;
				GCC_PREPROCESSOR_DEFINITIONS = (
					"DEBUG=1",
					"$(inherited)",
				);
				GCC_SYMBOLS_PRIVATE_EXTERN = NO;
				GCC_WARN_64_TO_32_BIT_CONVERSION = YES;
				GCC_WARN_ABOUT_RETURN_TYPE = YES_ERROR;
				GCC_WARN_UNDECLARED_SELECTOR = YES;
				GCC_WARN_UNINITIALIZED_AUTOS = YES_AGGRESSIVE;
				GCC_WARN_UNUSED_FUNCTION = YES;
				GCC_WARN_UNUSED_VARIABLE = YES;
				IPHONEOS_DEPLOYMENT_TARGET = 7.1;
				ONLY_ACTIVE_ARCH = YES;
				SDKROOT = iphoneos;
				TARGETED_DEVICE_FAMILY = 2;
			};
			name = Debug;
		};
		9339EA2C18F3830F00FA09E5 /* Release */ = {
			isa = XCBuildConfiguration;
			buildSettings = {
				ALWAYS_SEARCH_USER_PATHS = NO;
				CLANG_CXX_LANGUAGE_STANDARD = "gnu++0x";
				CLANG_CXX_LIBRARY = "libc++";
				CLANG_ENABLE_MODULES = YES;
				CLANG_ENABLE_OBJC_ARC = YES;
				CLANG_WARN_BOOL_CONVERSION = YES;
				CLANG_WARN_CONSTANT_CONVERSION = YES;
				CLANG_WARN_DIRECT_OBJC_ISA_USAGE = YES_ERROR;
				CLANG_WARN_EMPTY_BODY = YES;
				CLANG_WARN_ENUM_CONVERSION = YES;
				CLANG_WARN_INT_CONVERSION = YES;
				CLANG_WARN_OBJC_ROOT_CLASS = YES_ERROR;
				CLANG_WARN__DUPLICATE_METHOD_MATCH = YES;
				"CODE_SIGN_IDENTITY[sdk=iphoneos*]" = "iPhone Developer";
				COPY_PHASE_STRIP = YES;
				ENABLE_NS_ASSERTIONS = NO;
				GCC_C_LANGUAGE_STANDARD = gnu99;
				GCC_WARN_64_TO_32_BIT_CONVERSION = YES;
				GCC_WARN_ABOUT_RETURN_TYPE = YES_ERROR;
				GCC_WARN_UNDECLARED_SELECTOR = YES;
				GCC_WARN_UNINITIALIZED_AUTOS = YES_AGGRESSIVE;
				GCC_WARN_UNUSED_FUNCTION = YES;
				GCC_WARN_UNUSED_VARIABLE = YES;
				IPHONEOS_DEPLOYMENT_TARGET = 7.1;
				SDKROOT = iphoneos;
				TARGETED_DEVICE_FAMILY = 2;
				VALIDATE_PRODUCT = YES;
			};
			name = Release;
		};
		9339EA2E18F3830F00FA09E5 /* Debug */ = {
			isa = XCBuildConfiguration;
			buildSettings = {
				ASSETCATALOG_COMPILER_APPICON_NAME = AppIcon;
				ASSETCATALOG_COMPILER_LAUNCHIMAGE_NAME = LaunchImage;
				GCC_PRECOMPILE_PREFIX_HEADER = YES;
				GCC_PREFIX_HEADER = "SpriteKitFun/SpriteKitFun-Prefix.pch";
				INFOPLIST_FILE = "SpriteKitFun/SpriteKitFun-Info.plist";
				PRODUCT_NAME = "$(TARGET_NAME)";
				SPRITEKIT_TEXTURE_ATLAS_OUTPUT = YES;
				WRAPPER_EXTENSION = app;
			};
			name = Debug;
		};
		9339EA2F18F3830F00FA09E5 /* Release */ = {
			isa = XCBuildConfiguration;
			buildSettings = {
				ASSETCATALOG_COMPILER_APPICON_NAME = AppIcon;
				ASSETCATALOG_COMPILER_LAUNCHIMAGE_NAME = LaunchImage;
				GCC_PRECOMPILE_PREFIX_HEADER = YES;
				GCC_PREFIX_HEADER = "SpriteKitFun/SpriteKitFun-Prefix.pch";
				INFOPLIST_FILE = "SpriteKitFun/SpriteKitFun-Info.plist";
				PRODUCT_NAME = "$(TARGET_NAME)";
				SPRITEKIT_TEXTURE_ATLAS_OUTPUT = YES;
				WRAPPER_EXTENSION = app;
			};
			name = Release;
		};
		9339EA3118F3830F00FA09E5 /* Debug */ = {
			isa = XCBuildConfiguration;
			buildSettings = {
				BUNDLE_LOADER = "$(BUILT_PRODUCTS_DIR)/SpriteKitFun.app/SpriteKitFun";
				FRAMEWORK_SEARCH_PATHS = (
					"$(SDKROOT)/Developer/Library/Frameworks",
					"$(inherited)",
					"$(DEVELOPER_FRAMEWORKS_DIR)",
				);
				GCC_PRECOMPILE_PREFIX_HEADER = YES;
				GCC_PREFIX_HEADER = "SpriteKitFun/SpriteKitFun-Prefix.pch";
				GCC_PREPROCESSOR_DEFINITIONS = (
					"DEBUG=1",
					"$(inherited)",
				);
				INFOPLIST_FILE = "SpriteKitFunTests/SpriteKitFunTests-Info.plist";
				PRODUCT_NAME = "$(TARGET_NAME)";
				TEST_HOST = "$(BUNDLE_LOADER)";
				WRAPPER_EXTENSION = xctest;
			};
			name = Debug;
		};
		9339EA3218F3830F00FA09E5 /* Release */ = {
			isa = XCBuildConfiguration;
			buildSettings = {
				BUNDLE_LOADER = "$(BUILT_PRODUCTS_DIR)/SpriteKitFun.app/SpriteKitFun";
				FRAMEWORK_SEARCH_PATHS = (
					"$(SDKROOT)/Developer/Library/Frameworks",
					"$(inherited)",
					"$(DEVELOPER_FRAMEWORKS_DIR)",
				);
				GCC_PRECOMPILE_PREFIX_HEADER = YES;
				GCC_PREFIX_HEADER = "SpriteKitFun/SpriteKitFun-Prefix.pch";
				INFOPLIST_FILE = "SpriteKitFunTests/SpriteKitFunTests-Info.plist";
				PRODUCT_NAME = "$(TARGET_NAME)";
				TEST_HOST = "$(BUNDLE_LOADER)";
				WRAPPER_EXTENSION = xctest;
			};
			name = Release;
		};
/* End XCBuildConfiguration section */

/* Begin XCConfigurationList section */
		9339E9EF18F3830F00FA09E5 /* Build configuration list for PBXProject "SpriteKitFun" */ = {
			isa = XCConfigurationList;
			buildConfigurations = (
				9339EA2B18F3830F00FA09E5 /* Debug */,
				9339EA2C18F3830F00FA09E5 /* Release */,
			);
			defaultConfigurationIsVisible = 0;
			defaultConfigurationName = Release;
		};
		9339EA2D18F3830F00FA09E5 /* Build configuration list for PBXNativeTarget "SpriteKitFun" */ = {
			isa = XCConfigurationList;
			buildConfigurations = (
				9339EA2E18F3830F00FA09E5 /* Debug */,
				9339EA2F18F3830F00FA09E5 /* Release */,
			);
			defaultConfigurationIsVisible = 0;
			defaultConfigurationName = Release;
		};
		9339EA3018F3830F00FA09E5 /* Build configuration list for PBXNativeTarget "SpriteKitFunTests" */ = {
			isa = XCConfigurationList;
			buildConfigurations = (
				9339EA3118F3830F00FA09E5 /* Debug */,
				9339EA3218F3830F00FA09E5 /* Release */,
			);
			defaultConfigurationIsVisible = 0;
			defaultConfigurationName = Release;
		};
/* End XCConfigurationList section */
	};
	rootObject = 9339E9EC18F3830F00FA09E5 /* Project object */;
}
